
Microsoft Visual Studio Solution File, Format Version 12.00
# Visual Studio Version 17
VisualStudioVersion = 17.7.34031.279
MinimumVisualStudioVersion = 10.0.40219.1
Project("{FAE04EC0-301F-11D3-BF4B-00C04F79EFBC}") = "RandomNumberGuesser", "RandomNumberGuesser\RandomNumberGuesser.csproj", "{62156A6D-0A96-4619-B294-08E37BB069AF}"
EndProject
Global
	GlobalSection(SolutionConfigurationPlatforms) = preSolution
		Debug|Any CPU = Debug|Any CPU
		Release|Any CPU = Release|Any CPU
	EndGlobalSection
	GlobalSection(ProjectConfigurationPlatforms) = postSolution
		{62156A6D-0A96-4619-B294-08E37BB069AF}.Debug|Any CPU.ActiveCfg = Debug|Any CPU
		{62156A6D-0A96-4619-B294-08E37BB069AF}.Debug|Any CPU.Build.0 = Debug|Any CPU
		{62156A6D-0A96-4619-B294-08E37BB069AF}.Release|Any CPU.ActiveCfg = Release|Any CPU
		{62156A6D-0A96-4619-B294-08E37BB069AF}.Release|Any CPU.Build.0 = Release|Any CPU
	EndGlobalSection
	GlobalSection(SolutionProperties) = preSolution
		HideSolutionNode = FALSE
	EndGlobalSection
	GlobalSection(ExtensibilityGlobals) = postSolution
		SolutionGuid = {E5AE7CA1-E0BE-4C7E-B753-A2F1A298916E}
	EndGlobalSection
EndGlobal
